
Microsoft Visual Studio Solution File, Format Version 12.00
# Visual Studio Version 17
VisualStudioVersion = 17.8.34525.116
MinimumVisualStudioVersion = 10.0.40219.1
Project("{FAE04EC0-301F-11D3-BF4B-00C04F79EFBC}") = "Exsample", "Exsample\Exsample.csproj", "{20443022-19C0-4868-8998-D544E2E10362}"
EndProject
Global
	GlobalSection(SolutionConfigurationPlatforms) = preSolution
		Debug|Any CPU = Debug|Any CPU
		Release|Any CPU = Release|Any CPU
	EndGlobalSection
	GlobalSection(ProjectConfigurationPlatforms) = postSolution
		{20443022-19C0-4868-8998-D544E2E10362}.Debug|Any CPU.ActiveCfg = Debug|Any CPU
		{20443022-19C0-4868-8998-D544E2E10362}.Debug|Any CPU.Build.0 = Debug|Any CPU
		{20443022-19C0-4868-8998-D544E2E10362}.Release|Any CPU.ActiveCfg = Release|Any CPU
		{20443022-19C0-4868-8998-D544E2E10362}.Release|Any CPU.Build.0 = Release|Any CPU
	EndGlobalSection
	GlobalSection(SolutionProperties) = preSolution
		HideSolutionNode = FALSE
	EndGlobalSection
	GlobalSection(ExtensibilityGlobals) = postSolution
		SolutionGuid = {0E865633-C5AF-462F-873C-0B84EE602320}
	EndGlobalSection
EndGlobal
